
Microsoft Visual Studio Solution File, Format Version 12.00
# Visual Studio 15
VisualStudioVersion = 15.0.26403.0
MinimumVisualStudioVersion = 10.0.40219.1
Project("{FAE04EC0-301F-11D3-BF4B-00C04F79EFBC}") = "Recharge", "Recharge\Recharge.csproj", "{3A65E149-EE1D-411C-AF3C-7E9B2F3D79AB}"
EndProject
Project("{FAE04EC0-301F-11D3-BF4B-00C04F79EFBC}") = "Transfer", "Transfer\Transfer.csproj", "{838FFE56-02EB-4B58-9BFB-13D88D694DAB}"
EndProject
Project("{FAE04EC0-301F-11D3-BF4B-00C04F79EFBC}") = "CashWithdraw", "CashWithdraw\CashWithdraw.csproj", "{EB5D34F0-3189-4814-97E5-6178978C1D35}"
EndProject
Project("{FAE04EC0-301F-11D3-BF4B-00C04F79EFBC}") = "Common", "Common\Common.csproj", "{52C922B4-8EDF-45C8-968E-66FFFFBDDF5A}"
EndProject
Project("{FAE04EC0-301F-11D3-BF4B-00C04F79EFBC}") = "CreateSaveAccount", "CreateSaveAccount\CreateSaveAccount.csproj", "{6A84C7C5-FE63-4C45-9B2F-368CDDEB386E}"
EndProject
Project("{FAE04EC0-301F-11D3-BF4B-00C04F79EFBC}") = "Customer", "Customer\Customer.csproj", "{18C734DF-F4A9-4CA7-9725-D153B02291C0}"
EndProject
Project("{FAE04EC0-301F-11D3-BF4B-00C04F79EFBC}") = "Account", "Account\Account.csproj", "{7CB36520-927D-4074-ADC4-53F853402113}"
EndProject
Global
	GlobalSection(SolutionConfigurationPlatforms) = preSolution
		Debug|Any CPU = Debug|Any CPU
		Release|Any CPU = Release|Any CPU
	EndGlobalSection
	GlobalSection(ProjectConfigurationPlatforms) = postSolution
		{3A65E149-EE1D-411C-AF3C-7E9B2F3D79AB}.Debug|Any CPU.ActiveCfg = Debug|Any CPU
		{3A65E149-EE1D-411C-AF3C-7E9B2F3D79AB}.Debug|Any CPU.Build.0 = Debug|Any CPU
		{3A65E149-EE1D-411C-AF3C-7E9B2F3D79AB}.Release|Any CPU.ActiveCfg = Release|Any CPU
		{3A65E149-EE1D-411C-AF3C-7E9B2F3D79AB}.Release|Any CPU.Build.0 = Release|Any CPU
		{838FFE56-02EB-4B58-9BFB-13D88D694DAB}.Debug|Any CPU.ActiveCfg = Debug|Any CPU
		{838FFE56-02EB-4B58-9BFB-13D88D694DAB}.Debug|Any CPU.Build.0 = Debug|Any CPU
		{838FFE56-02EB-4B58-9BFB-13D88D694DAB}.Release|Any CPU.ActiveCfg = Release|Any CPU
		{838FFE56-02EB-4B58-9BFB-13D88D694DAB}.Release|Any CPU.Build.0 = Release|Any CPU
		{EB5D34F0-3189-4814-97E5-6178978C1D35}.Debug|Any CPU.ActiveCfg = Debug|Any CPU
		{EB5D34F0-3189-4814-97E5-6178978C1D35}.Debug|Any CPU.Build.0 = Debug|Any CPU
		{EB5D34F0-3189-4814-97E5-6178978C1D35}.Release|Any CPU.ActiveCfg = Release|Any CPU
		{EB5D34F0-3189-4814-97E5-6178978C1D35}.Release|Any CPU.Build.0 = Release|Any CPU
		{52C922B4-8EDF-45C8-968E-66FFFFBDDF5A}.Debug|Any CPU.ActiveCfg = Debug|Any CPU
		{52C922B4-8EDF-45C8-968E-66FFFFBDDF5A}.Debug|Any CPU.Build.0 = Debug|Any CPU
		{52C922B4-8EDF-45C8-968E-66FFFFBDDF5A}.Release|Any CPU.ActiveCfg = Release|Any CPU
		{52C922B4-8EDF-45C8-968E-66FFFFBDDF5A}.Release|Any CPU.Build.0 = Release|Any CPU
		{6A84C7C5-FE63-4C45-9B2F-368CDDEB386E}.Debug|Any CPU.ActiveCfg = Debug|Any CPU
		{6A84C7C5-FE63-4C45-9B2F-368CDDEB386E}.Debug|Any CPU.Build.0 = Debug|Any CPU
		{6A84C7C5-FE63-4C45-9B2F-368CDDEB386E}.Release|Any CPU.ActiveCfg = Release|Any CPU
		{6A84C7C5-FE63-4C45-9B2F-368CDDEB386E}.Release|Any CPU.Build.0 = Release|Any CPU
		{18C734DF-F4A9-4CA7-9725-D153B02291C0}.Debug|Any CPU.ActiveCfg = Debug|Any CPU
		{18C734DF-F4A9-4CA7-9725-D153B02291C0}.Debug|Any CPU.Build.0 = Debug|Any CPU
		{18C734DF-F4A9-4CA7-9725-D153B02291C0}.Release|Any CPU.ActiveCfg = Release|Any CPU
		{18C734DF-F4A9-4CA7-9725-D153B02291C0}.Release|Any CPU.Build.0 = Release|Any CPU
		{7CB36520-927D-4074-ADC4-53F853402113}.Debug|Any CPU.ActiveCfg = Debug|Any CPU
		{7CB36520-927D-4074-ADC4-53F853402113}.Debug|Any CPU.Build.0 = Debug|Any CPU
		{7CB36520-927D-4074-ADC4-53F853402113}.Release|Any CPU.ActiveCfg = Release|Any CPU
		{7CB36520-927D-4074-ADC4-53F853402113}.Release|Any CPU.Build.0 = Release|Any CPU
	EndGlobalSection
	GlobalSection(SolutionProperties) = preSolution
		HideSolutionNode = FALSE
	EndGlobalSection
EndGlobal
